
Microsoft Visual Studio Solution File, Format Version 12.00
# Visual Studio Version 16
VisualStudioVersion = 16.0.28922.388
MinimumVisualStudioVersion = 10.0.40219.1
Project("{9A19103F-16F7-4668-BE54-9A1E7A4F7556}") = "Doug", "Doug\Doug.csproj", "{F6A482C1-7CB1-4AF2-8514-C1D61DB5B9A6}"
EndProject
Project("{FAE04EC0-301F-11D3-BF4B-00C04F79EFBC}") = "Test", "Test\Test.csproj", "{E90F085F-07F2-41F6-9E0B-7C85D352590E}"
EndProject
Global
	GlobalSection(SolutionConfigurationPlatforms) = preSolution
		Debug|Any CPU = Debug|Any CPU
		Release|Any CPU = Release|Any CPU
	EndGlobalSection
	GlobalSection(ProjectConfigurationPlatforms) = postSolution
		{F6A482C1-7CB1-4AF2-8514-C1D61DB5B9A6}.Debug|Any CPU.ActiveCfg = Debug|Any CPU
		{F6A482C1-7CB1-4AF2-8514-C1D61DB5B9A6}.Debug|Any CPU.Build.0 = Debug|Any CPU
		{F6A482C1-7CB1-4AF2-8514-C1D61DB5B9A6}.Release|Any CPU.ActiveCfg = Release|Any CPU
		{F6A482C1-7CB1-4AF2-8514-C1D61DB5B9A6}.Release|Any CPU.Build.0 = Release|Any CPU
		{E90F085F-07F2-41F6-9E0B-7C85D352590E}.Debug|Any CPU.ActiveCfg = Debug|Any CPU
		{E90F085F-07F2-41F6-9E0B-7C85D352590E}.Debug|Any CPU.Build.0 = Debug|Any CPU
		{E90F085F-07F2-41F6-9E0B-7C85D352590E}.Release|Any CPU.ActiveCfg = Release|Any CPU
		{E90F085F-07F2-41F6-9E0B-7C85D352590E}.Release|Any CPU.Build.0 = Release|Any CPU
	EndGlobalSection
	GlobalSection(SolutionProperties) = preSolution
		HideSolutionNode = FALSE
	EndGlobalSection
	GlobalSection(ExtensibilityGlobals) = postSolution
		SolutionGuid = {6FE70C8B-37DD-411F-9768-315330178663}
	EndGlobalSection
EndGlobal
